
Microsoft Visual Studio Solution File, Format Version 12.00
# Visual Studio Version 17
VisualStudioVersion = 17.0.31903.59
MinimumVisualStudioVersion = 10.0.40219.1
Project("{FAE04EC0-301F-11D3-BF4B-00C04F79EFBC}") = "BlogAPI.API", "BlogAPI.API\BlogAPI.API.csproj", "{A67A8987-6E84-4AFE-B919-221045DA6AB7}"
EndProject
Project("{FAE04EC0-301F-11D3-BF4B-00C04F79EFBC}") = "BlogAPI.Core", "BlogAPI.Core\BlogAPI.Core.csproj", "{80C7EFD0-60CD-406B-A7FD-3D3EB16A15B5}"
EndProject
Project("{FAE04EC0-301F-11D3-BF4B-00C04F79EFBC}") = "BlogAPI.Infrastructure", "BlogAPI.Infrastructure\BlogAPI.Infrastructure.csproj", "{38349CFB-BEB1-4F83-AC7A-6B3D61C1D7AA}"
EndProject
Global
	GlobalSection(SolutionConfigurationPlatforms) = preSolution
		Debug|Any CPU = Debug|Any CPU
		Debug|x64 = Debug|x64
		Debug|x86 = Debug|x86
		Release|Any CPU = Release|Any CPU
		Release|x64 = Release|x64
		Release|x86 = Release|x86
	EndGlobalSection
	GlobalSection(ProjectConfigurationPlatforms) = postSolution
		{A67A8987-6E84-4AFE-B919-221045DA6AB7}.Debug|Any CPU.ActiveCfg = Debug|Any CPU
		{A67A8987-6E84-4AFE-B919-221045DA6AB7}.Debug|Any CPU.Build.0 = Debug|Any CPU
		{A67A8987-6E84-4AFE-B919-221045DA6AB7}.Debug|x64.ActiveCfg = Debug|Any CPU
		{A67A8987-6E84-4AFE-B919-221045DA6AB7}.Debug|x64.Build.0 = Debug|Any CPU
		{A67A8987-6E84-4AFE-B919-221045DA6AB7}.Debug|x86.ActiveCfg = Debug|Any CPU
		{A67A8987-6E84-4AFE-B919-221045DA6AB7}.Debug|x86.Build.0 = Debug|Any CPU
		{A67A8987-6E84-4AFE-B919-221045DA6AB7}.Release|Any CPU.ActiveCfg = Release|Any CPU
		{A67A8987-6E84-4AFE-B919-221045DA6AB7}.Release|Any CPU.Build.0 = Release|Any CPU
		{A67A8987-6E84-4AFE-B919-221045DA6AB7}.Release|x64.ActiveCfg = Release|Any CPU
		{A67A8987-6E84-4AFE-B919-221045DA6AB7}.Release|x64.Build.0 = Release|Any CPU
		{A67A8987-6E84-4AFE-B919-221045DA6AB7}.Release|x86.ActiveCfg = Release|Any CPU
		{A67A8987-6E84-4AFE-B919-221045DA6AB7}.Release|x86.Build.0 = Release|Any CPU
		{80C7EFD0-60CD-406B-A7FD-3D3EB16A15B5}.Debug|Any CPU.ActiveCfg = Debug|Any CPU
		{80C7EFD0-60CD-406B-A7FD-3D3EB16A15B5}.Debug|Any CPU.Build.0 = Debug|Any CPU
		{80C7EFD0-60CD-406B-A7FD-3D3EB16A15B5}.Debug|x64.ActiveCfg = Debug|Any CPU
		{80C7EFD0-60CD-406B-A7FD-3D3EB16A15B5}.Debug|x64.Build.0 = Debug|Any CPU
		{80C7EFD0-60CD-406B-A7FD-3D3EB16A15B5}.Debug|x86.ActiveCfg = Debug|Any CPU
		{80C7EFD0-60CD-406B-A7FD-3D3EB16A15B5}.Debug|x86.Build.0 = Debug|Any CPU
		{80C7EFD0-60CD-406B-A7FD-3D3EB16A15B5}.Release|Any CPU.ActiveCfg = Release|Any CPU
		{80C7EFD0-60CD-406B-A7FD-3D3EB16A15B5}.Release|Any CPU.Build.0 = Release|Any CPU
		{80C7EFD0-60CD-406B-A7FD-3D3EB16A15B5}.Release|x64.ActiveCfg = Release|Any CPU
		{80C7EFD0-60CD-406B-A7FD-3D3EB16A15B5}.Release|x64.Build.0 = Release|Any CPU
		{80C7EFD0-60CD-406B-A7FD-3D3EB16A15B5}.Release|x86.ActiveCfg = Release|Any CPU
		{80C7EFD0-60CD-406B-A7FD-3D3EB16A15B5}.Release|x86.Build.0 = Release|Any CPU
		{38349CFB-BEB1-4F83-AC7A-6B3D61C1D7AA}.Debug|Any CPU.ActiveCfg = Debug|Any CPU
		{38349CFB-BEB1-4F83-AC7A-6B3D61C1D7AA}.Debug|Any CPU.Build.0 = Debug|Any CPU
		{38349CFB-BEB1-4F83-AC7A-6B3D61C1D7AA}.Debug|x64.ActiveCfg = Debug|Any CPU
		{38349CFB-BEB1-4F83-AC7A-6B3D61C1D7AA}.Debug|x64.Build.0 = Debug|Any CPU
		{38349CFB-BEB1-4F83-AC7A-6B3D61C1D7AA}.Debug|x86.ActiveCfg = Debug|Any CPU
		{38349CFB-BEB1-4F83-AC7A-6B3D61C1D7AA}.Debug|x86.Build.0 = Debug|Any CPU
		{38349CFB-BEB1-4F83-AC7A-6B3D61C1D7AA}.Release|Any CPU.ActiveCfg = Release|Any CPU
		{38349CFB-BEB1-4F83-AC7A-6B3D61C1D7AA}.Release|Any CPU.Build.0 = Release|Any CPU
		{38349CFB-BEB1-4F83-AC7A-6B3D61C1D7AA}.Release|x64.ActiveCfg = Release|Any CPU
		{38349CFB-BEB1-4F83-AC7A-6B3D61C1D7AA}.Release|x64.Build.0 = Release|Any CPU
		{38349CFB-BEB1-4F83-AC7A-6B3D61C1D7AA}.Release|x86.ActiveCfg = Release|Any CPU
		{38349CFB-BEB1-4F83-AC7A-6B3D61C1D7AA}.Release|x86.Build.0 = Release|Any CPU
	EndGlobalSection
	GlobalSection(SolutionProperties) = preSolution
		HideSolutionNode = FALSE
	EndGlobalSection
EndGlobal
